{
    "_meta": {
        "hash": {
            "sha256": "ad59a69575ec325ee0ea3b5a5e67b44d51dc84d9272ea523e982ae6cab5ebf65"
        },
        "pipfile-spec": 6,
        "requires": {
            "python_full_version": "3.9.16",
            "python_version": "3.9"
        },
        "sources": [
            {
                "name": "pypi",
                "url": "https://pypi.org/simple",
                "verify_ssl": true
            }
        ]
    },
    "default": {
        "attrs": {
            "hashes": [
                "sha256:29e95c7f6778868dbd49170f98f8818f78f3dc5e0e37c0b1f474e3561b240836",
                "sha256:c9227bfc2f01993c03f68db37d1d15c9690188323c067c641f1a35ca58185f99"
            ],
            "markers": "python_version >= '3.6'",
            "version": "==22.2.0"
        },
        "aws-cdk-lib": {
            "hashes": [
                "sha256:60271826f4d53267b39c43aaba93eecbcd2b85c1a1ae206ce56f347344903554",
                "sha256:9e93044d19ae26ef4303b39cbd4b083f8b183bb9211bc2f9b76698a8c765d8ad"
            ],
            "index": "pypi",
            "version": "==2.73.0"
        },
        "aws-cdk.asset-awscli-v1": {
            "hashes": [
                "sha256:77033e604ef501465acd9239d2aaa8a5b0d9690d3139960fa73f1d0b1ad59153",
                "sha256:87655c87c5da5eb60392211534f790f2fadc9a1c2246eeed581fb6bdb2c3be6e"
            ],
            "markers": "python_version ~= '3.7'",
            "version": "==2.2.130"
        },
        "aws-cdk.asset-kubectl-v20": {
            "hashes": [
                "sha256:9834cdb150c5590aea4e5eba6de2a89b4c60617451181c524810c5a75154565c",
                "sha256:a2fad1a5a35a94a465efe60859f91e45dacc33261fb9bbf1cf9bbc6e2f70e9d6"
            ],
            "markers": "python_version ~= '3.7'",
            "version": "==2.1.1"
        },
        "aws-cdk.asset-node-proxy-agent-v5": {
            "hashes": [
                "sha256:323d3ad37e598e5bc525f45c642496c8b291fa103fd3dbb849067fc1208fd49f",
                "sha256:739a46b7efb4665ed1c989323a7d27db2eda10ea05fb9eb7cce8ea248ccf22ef"
            ],
            "markers": "python_version ~= '3.7'",
            "version": "==2.0.106"
        },
        "aws-cdk.aws-synthetics-alpha": {
            "hashes": [
                "sha256:4fc7bf83a0321b1905a3f9968e802c6f76a06a606be76095183d06c06958cbfe",
                "sha256:c9a010872b0e7938b98ad9cbd3ec8d1bb1207351b4c88b0566bd9a801441ff46"
            ],
            "index": "pypi",
            "version": "==2.73.0a0"
        },
        "cattrs": {
            "hashes": [
                "sha256:bc12b1f0d000b9f9bee83335887d532a1d3e99a833d1bf0882151c97d3e68c21",
                "sha256:f0eed5642399423cf656e7b66ce92cdc5b963ecafd041d1b24d136fdde7acf6d"
            ],
            "markers": "python_version >= '3.7'",
            "version": "==22.2.0"
        },
        "constructs": {
            "hashes": [
                "sha256:1180aac5b55d7014d8916c7d705695085ffbbe70a2dd60928716d8c67bc4d709",
                "sha256:84817dc7cb582064a977abcd8a4ecd794d0e633dc6321e44b61f1e47616617dd"
            ],
            "markers": "python_version ~= '3.7'",
            "version": "==10.1.303"
        },
        "exceptiongroup": {
            "hashes": [
                "sha256:232c37c63e4f682982c8b6459f33a8981039e5fb8756b2074364e5055c498c9e",
                "sha256:d484c3090ba2889ae2928419117447a14daf3c1231d5e30d0aae34f354f01785"
            ],
            "markers": "python_version < '3.11'",
            "version": "==1.1.1"
        },
        "importlib-resources": {
            "hashes": [
                "sha256:4be82589bf5c1d7999aedf2a45159d10cb3ca4f19b2271f8792bc8e6da7b22f6",
                "sha256:7b1deeebbf351c7578e09bf2f63fa2ce8b5ffec296e0d349139d43cca061a81a"
            ],
            "markers": "python_version >= '3.7'",
            "version": "==5.12.0"
        },
        "jsii": {
            "hashes": [
                "sha256:4da63ab99f2696cd063574460c94221f0a7de9d345e71dfb19dfbcecf8ca8355",
                "sha256:ea3cace063f6a47cdf0a74c929618d779efab426fedb7692a8ac1b9b29797f8c"
            ],
            "markers": "python_version ~= '3.7'",
            "version": "==1.80.0"
        },
        "publication": {
            "hashes": [
                "sha256:0248885351febc11d8a1098d5c8e3ab2dabcf3e8c0c96db1e17ecd12b53afbe6",
                "sha256:68416a0de76dddcdd2930d1c8ef853a743cc96c82416c4e4d3b5d901c6276dc4"
            ],
            "version": "==0.0.3"
        },
        "python-dateutil": {
            "hashes": [
                "sha256:0123cacc1627ae19ddf3c27a5de5bd67ee4586fbdd6440d9748f8abb483d3e86",
                "sha256:961d03dc3453ebbc59dbdea9e4e11c5651520a876d0f4db161e8674aae935da9"
            ],
            "markers": "python_version >= '2.7' and python_version not in '3.0, 3.1, 3.2, 3.3'",
            "version": "==2.8.2"
        },
        "six": {
            "hashes": [
                "sha256:1e61c37477a1626458e36f7b1d82aa5c9b094fa4802892072e49de9c60c4c926",
                "sha256:8abb2f1d86890a2dfb989f9a77cfcfd3e47c2a354b01111771326f8aa26e0254"
            ],
            "markers": "python_version >= '2.7' and python_version not in '3.0, 3.1, 3.2, 3.3'",
            "version": "==1.16.0"
        },
        "typeguard": {
            "hashes": [
                "sha256:00edaa8da3a133674796cf5ea87d9f4b4c367d77476e185e80251cc13dfbb8c4",
                "sha256:5e3e3be01e887e7eafae5af63d1f36c849aaa94e3a0112097312aabfa16284f1"
            ],
            "markers": "python_full_version >= '3.5.3'",
            "version": "==2.13.3"
        },
        "typing-extensions": {
            "hashes": [
                "sha256:5cb5f4a79139d699607b3ef622a1dedafa84e115ab0024e0d9c044a9479ca7cb",
                "sha256:fb33085c39dd998ac16d1431ebc293a8b3eedd00fd4a32de0ff79002c19511b4"
            ],
            "markers": "python_version >= '3.7'",
            "version": "==4.5.0"
        },
        "zipp": {
            "hashes": [
                "sha256:112929ad649da941c23de50f356a2b5570c954b65150642bccdd66bf194d224b",
                "sha256:48904fc76a60e542af151aded95726c1a5c34ed43ab4134b597665c86d7ad556"
            ],
            "markers": "python_version < '3.10'",
            "version": "==3.15.0"
        }
    },
    "develop": {
        "autopep8": {
            "hashes": [
                "sha256:86e9303b5e5c8160872b2f5ef611161b2893e9bfe8ccc7e2f76385947d57a2f1",
                "sha256:f9849cdd62108cb739dbcdbfb7fdcc9a30d1b63c4cc3e1c1f893b5360941b61c"
            ],
            "index": "pypi",
            "version": "==2.0.2"
        },
        "pycodestyle": {
            "hashes": [
                "sha256:347187bdb476329d98f695c213d7295a846d1152ff4fe9bacb8a9590b8ee7053",
                "sha256:8a4eaf0d0495c7395bdab3589ac2db602797d76207242c17d470186815706610"
            ],
            "markers": "python_version >= '3.6'",
            "version": "==2.10.0"
        },
        "tomli": {
            "hashes": [
                "sha256:939de3e7a6161af0c887ef91b7d41a53e7c5a1ca976325f429cb46ea9bc30ecc",
                "sha256:de526c12914f0c550d15924c62d72abc48d6fe7364aa87328337a31007fe8a4f"
            ],
            "markers": "python_version < '3.11'",
            "version": "==2.0.1"
        }
    }
}
